
Microsoft Visual Studio Solution File, Format Version 12.00
# Visual Studio 2013
VisualStudioVersion = 12.0.31101.0
MinimumVisualStudioVersion = 10.0.40219.1
Project("{FAE04EC0-301F-11D3-BF4B-00C04F79EFBC}") = "iCal.PCL", "iCal.PCL\iCal.PCL.csproj", "{40BAE5C8-3FFB-42A3-8734-0756A7F7A02E}"
EndProject
Project("{FAE04EC0-301F-11D3-BF4B-00C04F79EFBC}") = "iCal.PCL.Test", "iCal.PCL.Test\iCal.PCL.Test.csproj", "{D65C4789-1BBC-4F6E-A400-FEC317D5D466}"
EndProject
Global
	GlobalSection(SolutionConfigurationPlatforms) = preSolution
		Debug|Any CPU = Debug|Any CPU
		Release|Any CPU = Release|Any CPU
	EndGlobalSection
	GlobalSection(ProjectConfigurationPlatforms) = postSolution
		{40BAE5C8-3FFB-42A3-8734-0756A7F7A02E}.Debug|Any CPU.ActiveCfg = Debug|Any CPU
		{40BAE5C8-3FFB-42A3-8734-0756A7F7A02E}.Debug|Any CPU.Build.0 = Debug|Any CPU
		{40BAE5C8-3FFB-42A3-8734-0756A7F7A02E}.Release|Any CPU.ActiveCfg = Release|Any CPU
		{40BAE5C8-3FFB-42A3-8734-0756A7F7A02E}.Release|Any CPU.Build.0 = Release|Any CPU
		{D65C4789-1BBC-4F6E-A400-FEC317D5D466}.Debug|Any CPU.ActiveCfg = Debug|Any CPU
		{D65C4789-1BBC-4F6E-A400-FEC317D5D466}.Debug|Any CPU.Build.0 = Debug|Any CPU
		{D65C4789-1BBC-4F6E-A400-FEC317D5D466}.Release|Any CPU.ActiveCfg = Release|Any CPU
		{D65C4789-1BBC-4F6E-A400-FEC317D5D466}.Release|Any CPU.Build.0 = Release|Any CPU
	EndGlobalSection
	GlobalSection(SolutionProperties) = preSolution
		HideSolutionNode = FALSE
	EndGlobalSection
EndGlobal
